// !$*UTF8*$!
{
	archiveVersion = 1;
	classes = {
	};
	objectVersion = 48;
	objects = {

/* Begin PBXBuildFile section */
		6EE07AE81F5263EB00134303 /* AppDelegate.swift in Sources */ = {isa = PBXBuildFile; fileRef = 6EE07AE71F5263EB00134303 /* AppDelegate.swift */; };
		6EE07AEA1F5263EB00134303 /* art.scnassets in Resources */ = {isa = PBXBuildFile; fileRef = 6EE07AE91F5263EB00134303 /* art.scnassets */; };
		6EE07AEC1F5263EB00134303 /* ViewController.swift in Sources */ = {isa = PBXBuildFile; fileRef = 6EE07AEB1F5263EB00134303 /* ViewController.swift */; };
		6EE07AEF1F5263EB00134303 /* Main.storyboard in Resources */ = {isa = PBXBuildFile; fileRef = 6EE07AED1F5263EB00134303 /* Main.storyboard */; };
		6EE07AF11F5263EB00134303 /* Assets.xcassets in Resources */ = {isa = PBXBuildFile; fileRef = 6EE07AF01F5263EB00134303 /* Assets.xcassets */; };
		6EE07AF41F5263EB00134303 /* LaunchScreen.storyboard in Resources */ = {isa = PBXBuildFile; fileRef = 6EE07AF21F5263EB00134303 /* LaunchScreen.storyboard */; };
		6EE07AFF1F5263EB00134303 /* PRTSTests.swift in Sources */ = {isa = PBXBuildFile; fileRef = 6EE07AFE1F5263EB00134303 /* PRTSTests.swift */; };
		6EE07B0A1F5263EB00134303 /* PRTSUITests.swift in Sources */ = {isa = PBXBuildFile; fileRef = 6EE07B091F5263EB00134303 /* PRTSUITests.swift */; };
/* End PBXBuildFile section */

/* Begin PBXContainerItemProxy section */
		6EE07AFB1F5263EB00134303 /* PBXContainerItemProxy */ = {
			isa = PBXContainerItemProxy;
			containerPortal = 6EE07ADC1F5263EB00134303 /* Project object */;
			proxyType = 1;
			remoteGlobalIDString = 6EE07AE31F5263EB00134303;
			remoteInfo = PRTS;
		};
		6EE07B061F5263EB00134303 /* PBXContainerItemProxy */ = {
			isa = PBXContainerItemProxy;
			containerPortal = 6EE07ADC1F5263EB00134303 /* Project object */;
			proxyType = 1;
			remoteGlobalIDString = 6EE07AE31F5263EB00134303;
			remoteInfo = PRTS;
		};
/* End PBXContainerItemProxy section */

/* Begin PBXFileReference section */
		6EE07AE41F5263EB00134303 /* PRTS.app */ = {isa = PBXFileReference; explicitFileType = wrapper.application; includeInIndex = 0; path = PRTS.app; sourceTree = BUILT_PRODUCTS_DIR; };
		6EE07AE71F5263EB00134303 /* AppDelegate.swift */ = {isa = PBXFileReference; lastKnownFileType = sourcecode.swift; path = AppDelegate.swift; sourceTree = "<group>"; };
		6EE07AE91F5263EB00134303 /* art.scnassets */ = {isa = PBXFileReference; lastKnownFileType = wrapper.scnassets; path = art.scnassets; sourceTree = "<group>"; };
		6EE07AEB1F5263EB00134303 /* ViewController.swift */ = {isa = PBXFileReference; lastKnownFileType = sourcecode.swift; path = ViewController.swift; sourceTree = "<group>"; };
		6EE07AEE1F5263EB00134303 /* Base */ = {isa = PBXFileReference; lastKnownFileType = file.storyboard; name = Base; path = Base.lproj/Main.storyboard; sourceTree = "<group>"; };
		6EE07AF01F5263EB00134303 /* Assets.xcassets */ = {isa = PBXFileReference; lastKnownFileType = folder.assetcatalog; path = Assets.xcassets; sourceTree = "<group>"; };
		6EE07AF31F5263EB00134303 /* Base */ = {isa = PBXFileReference; lastKnownFileType = file.storyboard; name = Base; path = Base.lproj/LaunchScreen.storyboard; sourceTree = "<group>"; };
		6EE07AF51F5263EB00134303 /* Info.plist */ = {isa = PBXFileReference; lastKnownFileType = text.plist.xml; path = Info.plist; sourceTree = "<group>"; };
		6EE07AFA1F5263EB00134303 /* PRTSTests.xctest */ = {isa = PBXFileReference; explicitFileType = wrapper.cfbundle; includeInIndex = 0; path = PRTSTests.xctest; sourceTree = BUILT_PRODUCTS_DIR; };
		6EE07AFE1F5263EB00134303 /* PRTSTests.swift */ = {isa = PBXFileReference; lastKnownFileType = sourcecode.swift; path = PRTSTests.swift; sourceTree = "<group>"; };
		6EE07B001F5263EB00134303 /* Info.plist */ = {isa = PBXFileReference; lastKnownFileType = text.plist.xml; path = Info.plist; sourceTree = "<group>"; };
		6EE07B051F5263EB00134303 /* PRTSUITests.xctest */ = {isa = PBXFileReference; explicitFileType = wrapper.cfbundle; includeInIndex = 0; path = PRTSUITests.xctest; sourceTree = BUILT_PRODUCTS_DIR; };
		6EE07B091F5263EB00134303 /* PRTSUITests.swift */ = {isa = PBXFileReference; lastKnownFileType = sourcecode.swift; path = PRTSUITests.swift; sourceTree = "<group>"; };
		6EE07B0B1F5263EB00134303 /* Info.plist */ = {isa = PBXFileReference; lastKnownFileType = text.plist.xml; path = Info.plist; sourceTree = "<group>"; };
/* End PBXFileReference section */

/* Begin PBXFrameworksBuildPhase section */
		6EE07AE11F5263EB00134303 /* Frameworks */ = {
			isa = PBXFrameworksBuildPhase;
			buildActionMask = 2147483647;
			files = (
			);
			runOnlyForDeploymentPostprocessing = 0;
		};
		6EE07AF71F5263EB00134303 /* Frameworks */ = {
			isa = PBXFrameworksBuildPhase;
			buildActionMask = 2147483647;
			files = (
			);
			runOnlyForDeploymentPostprocessing = 0;
		};
		6EE07B021F5263EB00134303 /* Frameworks */ = {
			isa = PBXFrameworksBuildPhase;
			buildActionMask = 2147483647;
			files = (
			);
			runOnlyForDeploymentPostprocessing = 0;
		};
/* End PBXFrameworksBuildPhase section */

/* Begin PBXGroup section */
		6EE07ADB1F5263EB00134303 = {
			isa = PBXGroup;
			children = (
				6EE07AE61F5263EB00134303 /* PRTS */,
				6EE07AFD1F5263EB00134303 /* PRTSTests */,
				6EE07B081F5263EB00134303 /* PRTSUITests */,
				6EE07AE51F5263EB00134303 /* Products */,
			);
			sourceTree = "<group>";
		};
		6EE07AE51F5263EB00134303 /* Products */ = {
			isa = PBXGroup;
			children = (
				6EE07AE41F5263EB00134303 /* PRTS.app */,
				6EE07AFA1F5263EB00134303 /* PRTSTests.xctest */,
				6EE07B051F5263EB00134303 /* PRTSUITests.xctest */,
			);
			name = Products;
			sourceTree = "<group>";
		};
		6EE07AE61F5263EB00134303 /* PRTS */ = {
			isa = PBXGroup;
			children = (
				6EE07AE71F5263EB00134303 /* AppDelegate.swift */,
				6EE07AE91F5263EB00134303 /* art.scnassets */,
				6EE07AEB1F5263EB00134303 /* ViewController.swift */,
				6EE07AED1F5263EB00134303 /* Main.storyboard */,
				6EE07AF01F5263EB00134303 /* Assets.xcassets */,
				6EE07AF21F5263EB00134303 /* LaunchScreen.storyboard */,
				6EE07AF51F5263EB00134303 /* Info.plist */,
			);
			path = PRTS;
			sourceTree = "<group>";
		};
		6EE07AFD1F5263EB00134303 /* PRTSTests */ = {
			isa = PBXGroup;
			children = (
				6EE07AFE1F5263EB00134303 /* PRTSTests.swift */,
				6EE07B001F5263EB00134303 /* Info.plist */,
			);
			path = PRTSTests;
			sourceTree = "<group>";
		};
		6EE07B081F5263EB00134303 /* PRTSUITests */ = {
			isa = PBXGroup;
			children = (
				6EE07B091F5263EB00134303 /* PRTSUITests.swift */,
				6EE07B0B1F5263EB00134303 /* Info.plist */,
			);
			path = PRTSUITests;
			sourceTree = "<group>";
		};
/* End PBXGroup section */

/* Begin PBXNativeTarget section */
		6EE07AE31F5263EB00134303 /* PRTS */ = {
			isa = PBXNativeTarget;
			buildConfigurationList = 6EE07B0E1F5263EB00134303 /* Build configuration list for PBXNativeTarget "PRTS" */;
			buildPhases = (
				6EE07AE01F5263EB00134303 /* Sources */,
				6EE07AE11F5263EB00134303 /* Frameworks */,
				6EE07AE21F5263EB00134303 /* Resources */,
			);
			buildRules = (
			);
			dependencies = (
			);
			name = PRTS;
			productName = PRTS;
			productReference = 6EE07AE41F5263EB00134303 /* PRTS.app */;
			productType = "com.apple.product-type.application";
		};
		6EE07AF91F5263EB00134303 /* PRTSTests */ = {
			isa = PBXNativeTarget;
			buildConfigurationList = 6EE07B111F5263EB00134303 /* Build configuration list for PBXNativeTarget "PRTSTests" */;
			buildPhases = (
				6EE07AF61F5263EB00134303 /* Sources */,
				6EE07AF71F5263EB00134303 /* Frameworks */,
				6EE07AF81F5263EB00134303 /* Resources */,
			);
			buildRules = (
			);
			dependencies = (
				6EE07AFC1F5263EB00134303 /* PBXTargetDependency */,
			);
			name = PRTSTests;
			productName = PRTSTests;
			productReference = 6EE07AFA1F5263EB00134303 /* PRTSTests.xctest */;
			productType = "com.apple.product-type.bundle.unit-test";
		};
		6EE07B041F5263EB00134303 /* PRTSUITests */ = {
			isa = PBXNativeTarget;
			buildConfigurationList = 6EE07B141F5263EB00134303 /* Build configuration list for PBXNativeTarget "PRTSUITests" */;
			buildPhases = (
				6EE07B011F5263EB00134303 /* Sources */,
				6EE07B021F5263EB00134303 /* Frameworks */,
				6EE07B031F5263EB00134303 /* Resources */,
			);
			buildRules = (
			);
			dependencies = (
				6EE07B071F5263EB00134303 /* PBXTargetDependency */,
			);
			name = PRTSUITests;
			productName = PRTSUITests;
			productReference = 6EE07B051F5263EB00134303 /* PRTSUITests.xctest */;
			productType = "com.apple.product-type.bundle.ui-testing";
		};
/* End PBXNativeTarget section */

/* Begin PBXProject section */
		6EE07ADC1F5263EB00134303 /* Project object */ = {
			isa = PBXProject;
			attributes = {
				LastSwiftUpdateCheck = 0900;
				LastUpgradeCheck = 0900;
				ORGANIZATIONNAME = "Daniel Muñoz";
				TargetAttributes = {
					6EE07AE31F5263EB00134303 = {
						CreatedOnToolsVersion = 9.0;
						ProvisioningStyle = Automatic;
					};
					6EE07AF91F5263EB00134303 = {
						CreatedOnToolsVersion = 9.0;
						ProvisioningStyle = Automatic;
						TestTargetID = 6EE07AE31F5263EB00134303;
					};
					6EE07B041F5263EB00134303 = {
						CreatedOnToolsVersion = 9.0;
						ProvisioningStyle = Automatic;
						TestTargetID = 6EE07AE31F5263EB00134303;
					};
				};
			};
			buildConfigurationList = 6EE07ADF1F5263EB00134303 /* Build configuration list for PBXProject "PRTS" */;
			compatibilityVersion = "Xcode 8.0";
			developmentRegion = en;
			hasScannedForEncodings = 0;
			knownRegions = (
				en,
				Base,
			);
			mainGroup = 6EE07ADB1F5263EB00134303;
			productRefGroup = 6EE07AE51F5263EB00134303 /* Products */;
			projectDirPath = "";
			projectRoot = "";
			targets = (
				6EE07AE31F5263EB00134303 /* PRTS */,
				6EE07AF91F5263EB00134303 /* PRTSTests */,
				6EE07B041F5263EB00134303 /* PRTSUITests */,
			);
		};
/* End PBXProject section */

/* Begin PBXResourcesBuildPhase section */
		6EE07AE21F5263EB00134303 /* Resources */ = {
			isa = PBXResourcesBuildPhase;
			buildActionMask = 2147483647;
			files = (
				6EE07AEA1F5263EB00134303 /* art.scnassets in Resources */,
				6EE07AF41F5263EB00134303 /* LaunchScreen.storyboard in Resources */,
				6EE07AF11F5263EB00134303 /* Assets.xcassets in Resources */,
				6EE07AEF1F5263EB00134303 /* Main.storyboard in Resources */,
			);
			runOnlyForDeploymentPostprocessing = 0;
		};
		6EE07AF81F5263EB00134303 /* Resources */ = {
			isa = PBXResourcesBuildPhase;
			buildActionMask = 2147483647;
			files = (
			);
			runOnlyForDeploymentPostprocessing = 0;
		};
		6EE07B031F5263EB00134303 /* Resources */ = {
			isa = PBXResourcesBuildPhase;
			buildActionMask = 2147483647;
			files = (
			);
			runOnlyForDeploymentPostprocessing = 0;
		};
/* End PBXResourcesBuildPhase section */

/* Begin PBXSourcesBuildPhase section */
		6EE07AE01F5263EB00134303 /* Sources */ = {
			isa = PBXSourcesBuildPhase;
			buildActionMask = 2147483647;
			files = (
				6EE07AEC1F5263EB00134303 /* ViewController.swift in Sources */,
				6EE07AE81F5263EB00134303 /* AppDelegate.swift in Sources */,
			);
			runOnlyForDeploymentPostprocessing = 0;
		};
		6EE07AF61F5263EB00134303 /* Sources */ = {
			isa = PBXSourcesBuildPhase;
			buildActionMask = 2147483647;
			files = (
				6EE07AFF1F5263EB00134303 /* PRTSTests.swift in Sources */,
			);
			runOnlyForDeploymentPostprocessing = 0;
		};
		6EE07B011F5263EB00134303 /* Sources */ = {
			isa = PBXSourcesBuildPhase;
			buildActionMask = 2147483647;
			files = (
				6EE07B0A1F5263EB00134303 /* PRTSUITests.swift in Sources */,
			);
			runOnlyForDeploymentPostprocessing = 0;
		};
/* End PBXSourcesBuildPhase section */

/* Begin PBXTargetDependency section */
		6EE07AFC1F5263EB00134303 /* PBXTargetDependency */ = {
			isa = PBXTargetDependency;
			target = 6EE07AE31F5263EB00134303 /* PRTS */;
			targetProxy = 6EE07AFB1F5263EB00134303 /* PBXContainerItemProxy */;
		};
		6EE07B071F5263EB00134303 /* PBXTargetDependency */ = {
			isa = PBXTargetDependency;
			target = 6EE07AE31F5263EB00134303 /* PRTS */;
			targetProxy = 6EE07B061F5263EB00134303 /* PBXContainerItemProxy */;
		};
/* End PBXTargetDependency section */

/* Begin PBXVariantGroup section */
		6EE07AED1F5263EB00134303 /* Main.storyboard */ = {
			isa = PBXVariantGroup;
			children = (
				6EE07AEE1F5263EB00134303 /* Base */,
			);
			name = Main.storyboard;
			sourceTree = "<group>";
		};
		6EE07AF21F5263EB00134303 /* LaunchScreen.storyboard */ = {
			isa = PBXVariantGroup;
			children = (
				6EE07AF31F5263EB00134303 /* Base */,
			);
			name = LaunchScreen.storyboard;
			sourceTree = "<group>";
		};
/* End PBXVariantGroup section */

/* Begin XCBuildConfiguration section */
		6EE07B0C1F5263EB00134303 /* Debug */ = {
			isa = XCBuildConfiguration;
			buildSettings = {
				ALWAYS_SEARCH_USER_PATHS = NO;
				CLANG_ANALYZER_NONNULL = YES;
				CLANG_ANALYZER_NUMBER_OBJECT_CONVERSION = YES_AGGRESSIVE;
				CLANG_CXX_LANGUAGE_STANDARD = "gnu++14";
				CLANG_CXX_LIBRARY = "libc++";
				CLANG_ENABLE_MODULES = YES;
				CLANG_ENABLE_OBJC_ARC = YES;
				CLANG_WARN_BLOCK_CAPTURE_AUTORELEASING = YES;
				CLANG_WARN_BOOL_CONVERSION = YES;
				CLANG_WARN_COMMA = YES;
				CLANG_WARN_CONSTANT_CONVERSION = YES;
				CLANG_WARN_DIRECT_OBJC_ISA_USAGE = YES_ERROR;
				CLANG_WARN_DOCUMENTATION_COMMENTS = YES;
				CLANG_WARN_EMPTY_BODY = YES;
				CLANG_WARN_ENUM_CONVERSION = YES;
				CLANG_WARN_INFINITE_RECURSION = YES;
				CLANG_WARN_INT_CONVERSION = YES;
				CLANG_WARN_NON_LITERAL_NULL_CONVERSION = YES;
				CLANG_WARN_OBJC_LITERAL_CONVERSION = YES;
				CLANG_WARN_OBJC_ROOT_CLASS = YES_ERROR;
				CLANG_WARN_RANGE_LOOP_ANALYSIS = YES;
				CLANG_WARN_STRICT_PROTOTYPES = YES;
				CLANG_WARN_SUSPICIOUS_MOVE = YES;
				CLANG_WARN_UNGUARDED_AVAILABILITY = YES_AGGRESSIVE;
				CLANG_WARN_UNREACHABLE_CODE = YES;
				CLANG_WARN__DUPLICATE_METHOD_MATCH = YES;
				CODE_SIGN_IDENTITY = "iPhone Developer";
				COPY_PHASE_STRIP = NO;
				DEBUG_INFORMATION_FORMAT = dwarf;
				ENABLE_STRICT_OBJC_MSGSEND = YES;
				ENABLE_TESTABILITY = YES;
				GCC_C_LANGUAGE_STANDARD = gnu11;
				GCC_DYNAMIC_NO_PIC = NO;
				GCC_NO_COMMON_BLOCKS = YES;
				GCC_OPTIMIZATION_LEVEL = 0;
				GCC_PREPROCESSOR_DEFINITIONS = (
					"DEBUG=1",
					"$(inherited)",
				);
				GCC_WARN_64_TO_32_BIT_CONVERSION = YES;
				GCC_WARN_ABOUT_RETURN_TYPE = YES_ERROR;
				GCC_WARN_UNDECLARED_SELECTOR = YES;
				GCC_WARN_UNINITIALIZED_AUTOS = YES_AGGRESSIVE;
				GCC_WARN_UNUSED_FUNCTION = YES;
				GCC_WARN_UNUSED_VARIABLE = YES;
				IPHONEOS_DEPLOYMENT_TARGET = 11.0;
				MTL_ENABLE_DEBUG_INFO = YES;
				ONLY_ACTIVE_ARCH = YES;
				SDKROOT = iphoneos;
				SWIFT_ACTIVE_COMPILATION_CONDITIONS = DEBUG;
				SWIFT_OPTIMIZATION_LEVEL = "-Onone";
			};
			name = Debug;
		};
		6EE07B0D1F5263EB00134303 /* Release */ = {
			isa = XCBuildConfiguration;
			buildSettings = {
				ALWAYS_SEARCH_USER_PATHS = NO;
				CLANG_ANALYZER_NONNULL = YES;
				CLANG_ANALYZER_NUMBER_OBJECT_CONVERSION = YES_AGGRESSIVE;
				CLANG_CXX_LANGUAGE_STANDARD = "gnu++14";
				CLANG_CXX_LIBRARY = "libc++";
				CLANG_ENABLE_MODULES = YES;
				CLANG_ENABLE_OBJC_ARC = YES;
				CLANG_WARN_BLOCK_CAPTURE_AUTORELEASING = YES;
				CLANG_WARN_BOOL_CONVERSION = YES;
				CLANG_WARN_COMMA = YES;
				CLANG_WARN_CONSTANT_CONVERSION = YES;
				CLANG_WARN_DIRECT_OBJC_ISA_USAGE = YES_ERROR;
				CLANG_WARN_DOCUMENTATION_COMMENTS = YES;
				CLANG_WARN_EMPTY_BODY = YES;
				CLANG_WARN_ENUM_CONVERSION = YES;
				CLANG_WARN_INFINITE_RECURSION = YES;
				CLANG_WARN_INT_CONVERSION = YES;
				CLANG_WARN_NON_LITERAL_NULL_CONVERSION = YES;
				CLANG_WARN_OBJC_LITERAL_CONVERSION = YES;
				CLANG_WARN_OBJC_ROOT_CLASS = YES_ERROR;
				CLANG_WARN_RANGE_LOOP_ANALYSIS = YES;
				CLANG_WARN_STRICT_PROTOTYPES = YES;
				CLANG_WARN_SUSPICIOUS_MOVE = YES;
				CLANG_WARN_UNGUARDED_AVAILABILITY = YES_AGGRESSIVE;
				CLANG_WARN_UNREACHABLE_CODE = YES;
				CLANG_WARN__DUPLICATE_METHOD_MATCH = YES;
				CODE_SIGN_IDENTITY = "iPhone Developer";
				COPY_PHASE_STRIP = NO;
				DEBUG_INFORMATION_FORMAT = "dwarf-with-dsym";
				ENABLE_NS_ASSERTIONS = NO;
				ENABLE_STRICT_OBJC_MSGSEND = YES;
				GCC_C_LANGUAGE_STANDARD = gnu11;
				GCC_NO_COMMON_BLOCKS = YES;
				GCC_WARN_64_TO_32_BIT_CONVERSION = YES;
				GCC_WARN_ABOUT_RETURN_TYPE = YES_ERROR;
				GCC_WARN_UNDECLARED_SELECTOR = YES;
				GCC_WARN_UNINITIALIZED_AUTOS = YES_AGGRESSIVE;
				GCC_WARN_UNUSED_FUNCTION = YES;
				GCC_WARN_UNUSED_VARIABLE = YES;
				IPHONEOS_DEPLOYMENT_TARGET = 11.0;
				MTL_ENABLE_DEBUG_INFO = NO;
				SDKROOT = iphoneos;
				SWIFT_OPTIMIZATION_LEVEL = "-Owholemodule";
				VALIDATE_PRODUCT = YES;
			};
			name = Release;
		};
		6EE07B0F1F5263EB00134303 /* Debug */ = {
			isa = XCBuildConfiguration;
			buildSettings = {
				ASSETCATALOG_COMPILER_APPICON_NAME = AppIcon;
				CODE_SIGN_STYLE = Automatic;
				DEVELOPMENT_TEAM = 25PV5XBA5D;
				INFOPLIST_FILE = PRTS/Info.plist;
				LD_RUNPATH_SEARCH_PATHS = "$(inherited) @executable_path/Frameworks";
				PRODUCT_BUNDLE_IDENTIFIER = "SILVER-INDUSTRIES.PRTS";
				PRODUCT_NAME = "$(TARGET_NAME)";
				SWIFT_VERSION = 4.0;
				TARGETED_DEVICE_FAMILY = "1,2";
			};
			name = Debug;
		};
		6EE07B101F5263EB00134303 /* Release */ = {
			isa = XCBuildConfiguration;
			buildSettings = {
				ASSETCATALOG_COMPILER_APPICON_NAME = AppIcon;
				CODE_SIGN_STYLE = Automatic;
				DEVELOPMENT_TEAM = 25PV5XBA5D;
				INFOPLIST_FILE = PRTS/Info.plist;
				LD_RUNPATH_SEARCH_PATHS = "$(inherited) @executable_path/Frameworks";
				PRODUCT_BUNDLE_IDENTIFIER = "SILVER-INDUSTRIES.PRTS";
				PRODUCT_NAME = "$(TARGET_NAME)";
				SWIFT_VERSION = 4.0;
				TARGETED_DEVICE_FAMILY = "1,2";
			};
			name = Release;
		};
		6EE07B121F5263EB00134303 /* Debug */ = {
			isa = XCBuildConfiguration;
			buildSettings = {
				ALWAYS_EMBED_SWIFT_STANDARD_LIBRARIES = YES;
				BUNDLE_LOADER = "$(TEST_HOST)";
				CODE_SIGN_STYLE = Automatic;
				DEVELOPMENT_TEAM = 25PV5XBA5D;
				INFOPLIST_FILE = PRTSTests/Info.plist;
				LD_RUNPATH_SEARCH_PATHS = "$(inherited) @executable_path/Frameworks @loader_path/Frameworks";
				PRODUCT_BUNDLE_IDENTIFIER = "SILVER-INDUSTRIES.PRTSTests";
				PRODUCT_NAME = "$(TARGET_NAME)";
				SWIFT_VERSION = 4.0;
				TARGETED_DEVICE_FAMILY = "1,2";
				TEST_HOST = "$(BUILT_PRODUCTS_DIR)/PRTS.app/PRTS";
			};
			name = Debug;
		};
		6EE07B131F5263EB00134303 /* Release */ = {
			isa = XCBuildConfiguration;
			buildSettings = {
				ALWAYS_EMBED_SWIFT_STANDARD_LIBRARIES = YES;
				BUNDLE_LOADER = "$(TEST_HOST)";
				CODE_SIGN_STYLE = Automatic;
				DEVELOPMENT_TEAM = 25PV5XBA5D;
				INFOPLIST_FILE = PRTSTests/Info.plist;
				LD_RUNPATH_SEARCH_PATHS = "$(inherited) @executable_path/Frameworks @loader_path/Frameworks";
				PRODUCT_BUNDLE_IDENTIFIER = "SILVER-INDUSTRIES.PRTSTests";
				PRODUCT_NAME = "$(TARGET_NAME)";
				SWIFT_VERSION = 4.0;
				TARGETED_DEVICE_FAMILY = "1,2";
				TEST_HOST = "$(BUILT_PRODUCTS_DIR)/PRTS.app/PRTS";
			};
			name = Release;
		};
		6EE07B151F5263EB00134303 /* Debug */ = {
			isa = XCBuildConfiguration;
			buildSettings = {
				ALWAYS_EMBED_SWIFT_STANDARD_LIBRARIES = YES;
				CODE_SIGN_STYLE = Automatic;
				DEVELOPMENT_TEAM = 25PV5XBA5D;
				INFOPLIST_FILE = PRTSUITests/Info.plist;
				LD_RUNPATH_SEARCH_PATHS = "$(inherited) @executable_path/Frameworks @loader_path/Frameworks";
				PRODUCT_BUNDLE_IDENTIFIER = "SILVER-INDUSTRIES.PRTSUITests";
				PRODUCT_NAME = "$(TARGET_NAME)";
				SWIFT_VERSION = 4.0;
				TARGETED_DEVICE_FAMILY = "1,2";
				TEST_TARGET_NAME = PRTS;
			};
			name = Debug;
		};
		6EE07B161F5263EB00134303 /* Release */ = {
			isa = XCBuildConfiguration;
			buildSettings = {
				ALWAYS_EMBED_SWIFT_STANDARD_LIBRARIES = YES;
				CODE_SIGN_STYLE = Automatic;
				DEVELOPMENT_TEAM = 25PV5XBA5D;
				INFOPLIST_FILE = PRTSUITests/Info.plist;
				LD_RUNPATH_SEARCH_PATHS = "$(inherited) @executable_path/Frameworks @loader_path/Frameworks";
				PRODUCT_BUNDLE_IDENTIFIER = "SILVER-INDUSTRIES.PRTSUITests";
				PRODUCT_NAME = "$(TARGET_NAME)";
				SWIFT_VERSION = 4.0;
				TARGETED_DEVICE_FAMILY = "1,2";
				TEST_TARGET_NAME = PRTS;
			};
			name = Release;
		};
/* End XCBuildConfiguration section */

/* Begin XCConfigurationList section */
		6EE07ADF1F5263EB00134303 /* Build configuration list for PBXProject "PRTS" */ = {
			isa = XCConfigurationList;
			buildConfigurations = (
				6EE07B0C1F5263EB00134303 /* Debug */,
				6EE07B0D1F5263EB00134303 /* Release */,
			);
			defaultConfigurationIsVisible = 0;
			defaultConfigurationName = Release;
		};
		6EE07B0E1F5263EB00134303 /* Build configuration list for PBXNativeTarget "PRTS" */ = {
			isa = XCConfigurationList;
			buildConfigurations = (
				6EE07B0F1F5263EB00134303 /* Debug */,
				6EE07B101F5263EB00134303 /* Release */,
			);
			defaultConfigurationIsVisible = 0;
			defaultConfigurationName = Release;
		};
		6EE07B111F5263EB00134303 /* Build configuration list for PBXNativeTarget "PRTSTests" */ = {
			isa = XCConfigurationList;
			buildConfigurations = (
				6EE07B121F5263EB00134303 /* Debug */,
				6EE07B131F5263EB00134303 /* Release */,
			);
			defaultConfigurationIsVisible = 0;
			defaultConfigurationName = Release;
		};
		6EE07B141F5263EB00134303 /* Build configuration list for PBXNativeTarget "PRTSUITests" */ = {
			isa = XCConfigurationList;
			buildConfigurations = (
				6EE07B151F5263EB00134303 /* Debug */,
				6EE07B161F5263EB00134303 /* Release */,
			);
			defaultConfigurationIsVisible = 0;
			defaultConfigurationName = Release;
		};
/* End XCConfigurationList section */
	};
	rootObject = 6EE07ADC1F5263EB00134303 /* Project object */;
}
